
Microsoft Visual Studio Solution File, Format Version 12.00
# Visual Studio 15
VisualStudioVersion = 15.0.26430.15
MinimumVisualStudioVersion = 10.0.40219.1
Project("{FAE04EC0-301F-11D3-BF4B-00C04F79EFBC}") = "PrimeSieve", "PrimeSieve\PrimeSieve.csproj", "{0A5CF7A8-E79F-4B81-96B1-22947C4569FC}"
EndProject
Project("{FAE04EC0-301F-11D3-BF4B-00C04F79EFBC}") = "PrimeSieveExample", "PrimeSieveExample\PrimeSieveExample.csproj", "{DE882C86-EBA0-4F26-A641-81C987E28D98}"
EndProject
Global
	GlobalSection(SolutionConfigurationPlatforms) = preSolution
		Debug|Any CPU = Debug|Any CPU
		Release|Any CPU = Release|Any CPU
	EndGlobalSection
	GlobalSection(ProjectConfigurationPlatforms) = postSolution
		{0A5CF7A8-E79F-4B81-96B1-22947C4569FC}.Debug|Any CPU.ActiveCfg = Debug|Any CPU
		{0A5CF7A8-E79F-4B81-96B1-22947C4569FC}.Debug|Any CPU.Build.0 = Debug|Any CPU
		{0A5CF7A8-E79F-4B81-96B1-22947C4569FC}.Release|Any CPU.ActiveCfg = Release|Any CPU
		{0A5CF7A8-E79F-4B81-96B1-22947C4569FC}.Release|Any CPU.Build.0 = Release|Any CPU
		{DE882C86-EBA0-4F26-A641-81C987E28D98}.Debug|Any CPU.ActiveCfg = Debug|Any CPU
		{DE882C86-EBA0-4F26-A641-81C987E28D98}.Debug|Any CPU.Build.0 = Debug|Any CPU
		{DE882C86-EBA0-4F26-A641-81C987E28D98}.Release|Any CPU.ActiveCfg = Release|Any CPU
		{DE882C86-EBA0-4F26-A641-81C987E28D98}.Release|Any CPU.Build.0 = Release|Any CPU
	EndGlobalSection
	GlobalSection(SolutionProperties) = preSolution
		HideSolutionNode = FALSE
	EndGlobalSection
EndGlobal
